# This file is generated by running "yarn install" inside your project.
# Manual changes might be lost - proceed with caution!

__metadata:
  version: 9
  cacheKey: 10c0

"@emnapi/runtime@npm:^1.7.0":
  version: 1.11.3
  resolution: "@emnapi/runtime@npm:1.11.3"
  dependencies:
    tslib: "npm:^2.4.0"
  checksum: 10c0/a00f1020fefb9d4145c367f93a9fddb383a00da8ffd7871e20b19659890379b83aeecb9f84d7d0eda5456343f4a09eb05b0acb5153b0d3d889539dedb1ed87c3
  languageName: node
  linkType: hard

"@img/colour@npm:^1.0.0":
  version: 1.1.0
  resolution: "@img/colour@npm:1.1.0"
  checksum: 10c0/2ebea2c0bbaee73b99badcefa04e1e71d83f36e5369337d3121dca841f4569533c4e2faddda6d62dd247f0d5cca143711f9446c59bcce81e427ba433a7a94a17
  languageName: node
  linkType: hard

"@img/sharp-darwin-arm64@npm:0.34.5":
  version: 0.34.5
  resolution: "@img/sharp-darwin-arm64@npm:0.34.5"
  dependencies:
    "@img/sharp-libvips-darwin-arm64": "npm:1.2.4"
  dependenciesMeta:
    "@img/sharp-libvips-darwin-arm64":
      optional: true
  conditions: os=darwin & cpu=arm64
  languageName: node
  linkType: hard

"@img/sharp-darwin-x64@npm:0.34.5":
  version: 0.34.5
  resolution: "@img/sharp-darwin-x64@npm:0.34.5"
  dependencies:
    "@img/sharp-libvips-darwin-x64": "npm:1.2.4"
  dependenciesMeta:
    "@img/sharp-libvips-darwin-x64":
      optional: true
  conditions: os=darwin & cpu=x64
  languageName: node
  linkType: hard

"@img/sharp-libvips-darwin-arm64@npm:1.2.4":
  version: 1.2.4
  resolution: "@img/sharp-libvips-darwin-arm64@npm:1.2.4"
  conditions: os=darwin & cpu=arm64
  languageName: node
  linkType: hard

"@img/sharp-libvips-darwin-x64@npm:1.2.4":
  version: 1.2.4
  resolution: "@img/sharp-libvips-darwin-x64@npm:1.2.4"
  conditions: os=darwin & cpu=x64
  languageName: node
  linkType: hard

"@img/sharp-libvips-linux-arm64@npm:1.2.4":
  version: 1.2.4
  resolution: "@img/sharp-libvips-linux-arm64@npm:1.2.4"
  conditions: os=linux & cpu=arm64 & libc=glibc
  languageName: node
  linkType: hard

"@img/sharp-libvips-linux-arm@npm:1.2.4":
  version: 1.2.4
  resolution: "@img/sharp-libvips-linux-arm@npm:1.2.4"
  conditions: os=linux & cpu=arm & libc=glibc
  languageName: node
  linkType: hard

"@img/sharp-libvips-linux-ppc64@npm:1.2.4":
  version: 1.2.4
  resolution: "@img/sharp-libvips-linux-ppc64@npm:1.2.4"
  conditions: os=linux & cpu=ppc64 & libc=glibc
  languageName: node
  linkType: hard

"@img/sharp-libvips-linux-riscv64@npm:1.2.4":
  version: 1.2.4
  resolution: "@img/sharp-libvips-linux-riscv64@npm:1.2.4"
  conditions: os=linux & cpu=riscv64 & libc=glibc
  languageName: node
  linkType: hard

"@img/sharp-libvips-linux-s390x@npm:1.2.4":
  version: 1.2.4
  resolution: "@img/sharp-libvips-linux-s390x@npm:1.2.4"
  conditions: os=linux & cpu=s390x & libc=glibc
  languageName: node
  linkType: hard

"@img/sharp-libvips-linux-x64@npm:1.2.4":
  version: 1.2.4
  resolution: "@img/sharp-libvips-linux-x64@npm:1.2.4"
  conditions: os=linux & cpu=x64 & libc=glibc
  languageName: node
  linkType: hard

"@img/sharp-libvips-linuxmusl-arm64@npm:1.2.4":
  version: 1.2.4
  resolution: "@img/sharp-libvips-linuxmusl-arm64@npm:1.2.4"
  conditions: os=linux & cpu=arm64 & libc=musl
  languageName: node
  linkType: hard

"@img/sharp-libvips-linuxmusl-x64@npm:1.2.4":
  version: 1.2.4
  resolution: "@img/sharp-libvips-linuxmusl-x64@npm:1.2.4"
  conditions: os=linux & cpu=x64 & libc=musl
  languageName: node
  linkType: hard

"@img/sharp-linux-arm64@npm:0.34.5":
  version: 0.34.5
  resolution: "@img/sharp-linux-arm64@npm:0.34.5"
  dependencies:
    "@img/sharp-libvips-linux-arm64": "npm:1.2.4"
  dependenciesMeta:
    "@img/sharp-libvips-linux-arm64":
      optional: true
  conditions: os=linux & cpu=arm64 & libc=glibc
  languageName: node
  linkType: hard

"@img/sharp-linux-arm@npm:0.34.5":
  version: 0.34.5
  resolution: "@img/sharp-linux-arm@npm:0.34.5"
  dependencies:
    "@img/sharp-libvips-linux-arm": "npm:1.2.4"
  dependenciesMeta:
    "@img/sharp-libvips-linux-arm":
      optional: true
  conditions: os=linux & cpu=arm & libc=glibc
  languageName: node
  linkType: hard

"@img/sharp-linux-ppc64@npm:0.34.5":
  version: 0.34.5
  resolution: "@img/sharp-linux-ppc64@npm:0.34.5"
  dependencies:
    "@img/sharp-libvips-linux-ppc64": "npm:1.2.4"
  dependenciesMeta:
    "@img/sharp-libvips-linux-ppc64":
      optional: true
  conditions: os=linux & cpu=ppc64 & libc=glibc
  languageName: node
  linkType: hard

"@img/sharp-linux-riscv64@npm:0.34.5":
  version: 0.34.5
  resolution: "@img/sharp-linux-riscv64@npm:0.34.5"
  dependencies:
    "@img/sharp-libvips-linux-riscv64": "npm:1.2.4"
  dependenciesMeta:
    "@img/sharp-libvips-linux-riscv64":
      optional: true
  conditions: os=linux & cpu=riscv64 & libc=glibc
  languageName: node
  linkType: hard

"@img/sharp-linux-s390x@npm:0.34.5":
  version: 0.34.5
  resolution: "@img/sharp-linux-s390x@npm:0.34.5"
  dependencies:
    "@img/sharp-libvips-linux-s390x": "npm:1.2.4"
  dependenciesMeta:
    "@img/sharp-libvips-linux-s390x":
      optional: true
  conditions: os=linux & cpu=s390x & libc=glibc
  languageName: node
  linkType: hard

"@img/sharp-linux-x64@npm:0.34.5":
  version: 0.34.5
  resolution: "@img/sharp-linux-x64@npm:0.34.5"
  dependencies:
    "@img/sharp-libvips-linux-x64": "npm:1.2.4"
  dependenciesMeta:
    "@img/sharp-libvips-linux-x64":
      optional: true
  conditions: os=linux & cpu=x64 & libc=glibc
  languageName: node
  linkType: hard

"@img/sharp-linuxmusl-arm64@npm:0.34.5":
  version: 0.34.5
  resolution: "@img/sharp-linuxmusl-arm64@npm:0.34.5"
  dependencies:
    "@img/sharp-libvips-linuxmusl-arm64": "npm:1.2.4"
  dependenciesMeta:
    "@img/sharp-libvips-linuxmusl-arm64":
      optional: true
  conditions: os=linux & cpu=arm64 & libc=musl
  languageName: node
  linkType: hard

"@img/sharp-linuxmusl-x64@npm:0.34.5":
  version: 0.34.5
  resolution: "@img/sharp-linuxmusl-x64@npm:0.34.5"
  dependencies:
    "@img/sharp-libvips-linuxmusl-x64": "npm:1.2.4"
  dependenciesMeta:
    "@img/sharp-libvips-linuxmusl-x64":
      optional: true
  conditions: os=linux & cpu=x64 & libc=musl
  languageName: node
  linkType: hard

"@img/sharp-wasm32@npm:0.34.5":
  version: 0.34.5
  resolution: "@img/sharp-wasm32@npm:0.34.5"
  dependencies:
    "@emnapi/runtime": "npm:^1.7.0"
  conditions: cpu=wasm32
  languageName: node
  linkType: hard

"@img/sharp-win32-arm64@npm:0.34.5":
  version: 0.34.5
  resolution: "@img/sharp-win32-arm64@npm:0.34.5"
  conditions: os=win32 & cpu=arm64
  languageName: node
  linkType: hard

"@img/sharp-win32-ia32@npm:0.34.5":
  version: 0.34.5
  resolution: "@img/sharp-win32-ia32@npm:0.34.5"
  conditions: os=win32 & cpu=ia32
  languageName: node
  linkType: hard

"@img/sharp-win32-x64@npm:0.34.5":
  version: 0.34.5
  resolution: "@img/sharp-win32-x64@npm:0.34.5"
  conditions: os=win32 & cpu=x64
  languageName: node
  linkType: hard

"@next/env@npm:16.2.12":
  version: 16.2.12
  resolution: "@next/env@npm:16.2.12"
  checksum: 10c0/08cab40af01303ff44ba835cd8761cc248e02d27d589d59fae3780566cd95fe8f053f40b44516fc8ff1984ab32981c0973bd1923977f255fdbb2376ac53ba783
  languageName: node
  linkType: hard

"@next/swc-darwin-arm64@npm:16.2.12":
  version: 16.2.12
  resolution: "@next/swc-darwin-arm64@npm:16.2.12"
  conditions: os=darwin & cpu=arm64
  languageName: node
  linkType: hard

"@next/swc-darwin-x64@npm:16.2.12":
  version: 16.2.12
  resolution: "@next/swc-darwin-x64@npm:16.2.12"
  conditions: os=darwin & cpu=x64
  languageName: node
  linkType: hard

"@next/swc-linux-arm64-gnu@npm:16.2.12":
  version: 16.2.12
  resolution: "@next/swc-linux-arm64-gnu@npm:16.2.12"
  conditions: os=linux & cpu=arm64 & libc=glibc
  languageName: node
  linkType: hard

"@next/swc-linux-arm64-musl@npm:16.2.12":
  version: 16.2.12
  resolution: "@next/swc-linux-arm64-musl@npm:16.2.12"
  conditions: os=linux & cpu=arm64 & libc=musl
  languageName: node
  linkType: hard

"@next/swc-linux-x64-gnu@npm:16.2.12":
  version: 16.2.12
  resolution: "@next/swc-linux-x64-gnu@npm:16.2.12"
  conditions: os=linux & cpu=x64 & libc=glibc
  languageName: node
  linkType: hard

"@next/swc-linux-x64-musl@npm:16.2.12":
  version: 16.2.12
  resolution: "@next/swc-linux-x64-musl@npm:16.2.12"
  conditions: os=linux & cpu=x64 & libc=musl
  languageName: node
  linkType: hard

"@next/swc-win32-arm64-msvc@npm:16.2.12":
  version: 16.2.12
  resolution: "@next/swc-win32-arm64-msvc@npm:16.2.12"
  conditions: os=win32 & cpu=arm64
  languageName: node
  linkType: hard

"@next/swc-win32-x64-msvc@npm:16.2.12":
  version: 16.2.12
  resolution: "@next/swc-win32-x64-msvc@npm:16.2.12"
  conditions: os=win32 & cpu=x64
  languageName: node
  linkType: hard

"@noble/hashes@npm:^1.1.5":
  version: 1.8.0
  resolution: "@noble/hashes@npm:1.8.0"
  checksum: 10c0/06a0b52c81a6fa7f04d67762e08b2c476a00285858150caeaaff4037356dd5e119f45b2a530f638b77a5eeca013168ec1b655db41bae3236cb2e9d511484fc77
  languageName: node
  linkType: hard

"@paralleldrive/cuid2@npm:^2.2.2":
  version: 2.3.1
  resolution: "@paralleldrive/cuid2@npm:2.3.1"
  dependencies:
    "@noble/hashes": "npm:^1.1.5"
  checksum: 10c0/6576b73de49d826b0f33cbab88424dec1f6fa454a9e59a7b621f78c2cfdd2e59d7f48175826d698940a717f45eeb5e87a508583a7316e608f6a05a861a40c129
  languageName: node
  linkType: hard

"@supabase/auth-js@npm:2.112.0":
  version: 2.112.0
  resolution: "@supabase/auth-js@npm:2.112.0"
  dependencies:
    tslib: "npm:2.8.1"
  checksum: 10c0/b7075ac8c6a987caa07fbc91f32c48352fbf465bf06c97367d57c34049764d19c3ae77e3aa5575f3fbfb728757ec3afdb0a3f999a4bc9a3e133092cdf4a097d5
  languageName: node
  linkType: hard

"@supabase/functions-js@npm:2.112.0":
  version: 2.112.0
  resolution: "@supabase/functions-js@npm:2.112.0"
  dependencies:
    tslib: "npm:2.8.1"
  checksum: 10c0/83f2a5922eb47f01a9872039fc8bd825cdbfc0dfcd1424b0e977f6f6003d0b504a77465d4c84605f1f8075f6638447798a1e6790041db9e662972f3b49a0caa9
  languageName: node
  linkType: hard

"@supabase/phoenix@npm:0.4.5":
  version: 0.4.5
  resolution: "@supabase/phoenix@npm:0.4.5"
  checksum: 10c0/33be3994c870eb3a5f89d3bf6d57783a14f49f710b15e852f85c9750b45f3db5a637b30f7046474fa88f40cce50620e3bce18a27d9819ae16be792776bbfeb9c
  languageName: node
  linkType: hard

"@supabase/postgrest-js@npm:2.112.0":
  version: 2.112.0
  resolution: "@supabase/postgrest-js@npm:2.112.0"
  dependencies:
    tslib: "npm:2.8.1"
  checksum: 10c0/6accc441ca1d000edf7f31d5c40cdcf1b6ee40d2d356e78b16b8ec86e24ff47df211e8e79b473110af812c11cada83afa6b0a998cff98f734951d31c33745c2e
  languageName: node
  linkType: hard

"@supabase/realtime-js@npm:2.112.0":
  version: 2.112.0
  resolution: "@supabase/realtime-js@npm:2.112.0"
  dependencies:
    "@supabase/phoenix": "npm:0.4.5"
    tslib: "npm:2.8.1"
  checksum: 10c0/d5c52d874e16d35d838459cd95d7fb0d992986bdb2783064fde858b57e2192e550273ca0a7737e19b383542f3e9f906cca7cbb96b576783f00557f01edbb718a
  languageName: node
  linkType: hard

"@supabase/ssr@npm:^0.12.4":
  version: 0.12.4
  resolution: "@supabase/ssr@npm:0.12.4"
  dependencies:
    cookie: "npm:^1.0.2"
  peerDependencies:
    "@supabase/supabase-js": ^2.111.0
  checksum: 10c0/a509857c93ce7abad9766599dca702b9189f1aa644e29c94a1cec42eecaddb2bd50b3237790b8394a6daaef69c5baeef8ef60a4860a66d11a9202a1a678b477a
  languageName: node
  linkType: hard

"@supabase/storage-js@npm:2.112.0":
  version: 2.112.0
  resolution: "@supabase/storage-js@npm:2.112.0"
  dependencies:
    iceberg-js: "npm:^0.8.1"
    tslib: "npm:2.8.1"
  checksum: 10c0/380aeaa300d6f44ed0e64cdce0b7bb439f27a87382c7a600ab3509be499d72bcb9a03d66a84fbdf77acca58f886c71b6b54364507cd4258f8ab6232a8afb5f35
  languageName: node
  linkType: hard

"@supabase/supabase-js@npm:^2.112.0":
  version: 2.112.0
  resolution: "@supabase/supabase-js@npm:2.112.0"
  dependencies:
    "@supabase/auth-js": "npm:2.112.0"
    "@supabase/functions-js": "npm:2.112.0"
    "@supabase/postgrest-js": "npm:2.112.0"
    "@supabase/realtime-js": "npm:2.112.0"
    "@supabase/storage-js": "npm:2.112.0"
  peerDependencies:
    "@opentelemetry/api": ">=1.0.0"
  peerDependenciesMeta:
    "@opentelemetry/api":
      optional: true
  checksum: 10c0/2a861e8127ea8697c7c6e6478a10637c43b333af00e0900cab8b42a4ab301640f6afabe206a1f1e46e53e3960989073d0ecea4df18ec615adb5c5983b9e0d39c
  languageName: node
  linkType: hard

"@swc/helpers@npm:0.5.15":
  version: 0.5.15
  resolution: "@swc/helpers@npm:0.5.15"
  dependencies:
    tslib: "npm:^2.8.0"
  checksum: 10c0/33002f74f6f885f04c132960835fdfc474186983ea567606db62e86acd0680ca82f34647e8e610f4e1e422d1c16fce729dde22cd3b797ab1fd9061a825dabca4
  languageName: node
  linkType: hard

"@zxing/library@npm:^0.23.0":
  version: 0.23.0
  resolution: "@zxing/library@npm:0.23.0"
  dependencies:
    "@zxing/text-encoding": "npm:~0.9.0"
    ts-custom-error: "npm:^3.3.1"
  dependenciesMeta:
    "@zxing/text-encoding":
      optional: true
  checksum: 10c0/6d147ac911dbed1f81ed15ef8d47b979fd9282d6c30c967e5b7aacc9e10f68f4d810640b33c87a65e1bc76dfe548cb3be749ac3dbcd22a34733e15fa76e1b44e
  languageName: node
  linkType: hard

"@zxing/text-encoding@npm:~0.9.0":
  version: 0.9.0
  resolution: "@zxing/text-encoding@npm:0.9.0"
  checksum: 10c0/d15bff181d46c2ab709e7242801a8d40408aa8c19b44462e5f60e766bf59105b44957914ab6baab60d10d466a5e965f21fe890c67dfdb7d5c7f940df457b4d0d
  languageName: node
  linkType: hard

"asap@npm:^2.0.0":
  version: 2.0.6
  resolution: "asap@npm:2.0.6"
  checksum: 10c0/c6d5e39fe1f15e4b87677460bd66b66050cd14c772269cee6688824c1410a08ab20254bb6784f9afb75af9144a9f9a7692d49547f4d19d715aeb7c0318f3136d
  languageName: node
  linkType: hard

"baseline-browser-mapping@npm:^2.9.19":
  version: 2.11.12
  resolution: "baseline-browser-mapping@npm:2.11.12"
  bin:
    baseline-browser-mapping: dist/cli.cjs
  checksum: 10c0/1f4b38379784aba3681b06c304e361c9f03ed6c51205a50c9dd3b5ea87b0e203e6f580384e778374999b000e1b0a0d7351552983aab024d9c4b81b91879c8287
  languageName: node
  linkType: hard

"bmp-js@npm:^0.1.0":
  version: 0.1.0
  resolution: "bmp-js@npm:0.1.0"
  checksum: 10c0/c651bd5936dcf8d67900050fac14dcbe30baf87c3d21c58f4934fcdf46172e152a87d8c0c3ca25caa2b4b2c7780ef3b5fcc6cd20afd8f0351856cadb1bef9694
  languageName: node
  linkType: hard

"caniuse-lite@npm:^1.0.30001579":
  version: 1.0.30001806
  resolution: "caniuse-lite@npm:1.0.30001806"
  checksum: 10c0/9442c8afff0968e9b2ce0104a7340c1ce4a5c09f469ccb9eef10d25712ea0afe542486e5318c697c70dd502f988cfc04eaa1c9438c92ac3bcf4d708a2a17bee1
  languageName: node
  linkType: hard

"client-only@npm:0.0.1":
  version: 0.0.1
  resolution: "client-only@npm:0.0.1"
  checksum: 10c0/9d6cfd0c19e1c96a434605added99dff48482152af791ec4172fb912a71cff9027ff174efd8cdb2160cc7f377543e0537ffc462d4f279bc4701de3f2a3c4b358
  languageName: node
  linkType: hard

"cookie@npm:^1.0.2":
  version: 1.1.1
  resolution: "cookie@npm:1.1.1"
  checksum: 10c0/79c4ddc0fcad9c4f045f826f42edf54bcc921a29586a4558b0898277fa89fb47be95bc384c2253f493af7b29500c830da28341274527328f18eba9f58afa112c
  languageName: node
  linkType: hard

"detect-libc@npm:^2.1.2":
  version: 2.1.2
  resolution: "detect-libc@npm:2.1.2"
  checksum: 10c0/acc675c29a5649fa1fb6e255f993b8ee829e510b6b56b0910666949c80c364738833417d0edb5f90e4e46be17228b0f2b66a010513984e18b15deeeac49369c4
  languageName: node
  linkType: hard

"dezalgo@npm:^1.0.4":
  version: 1.0.4
  resolution: "dezalgo@npm:1.0.4"
  dependencies:
    asap: "npm:^2.0.0"
    wrappy: "npm:1"
  checksum: 10c0/8a870ed42eade9a397e6141fe5c025148a59ed52f1f28b1db5de216b4d57f0af7a257070c3af7ce3d5508c1ce9dd5009028a76f4b2cc9370dc56551d2355fad8
  languageName: node
  linkType: hard

"formidable@npm:^3.5.4":
  version: 3.5.4
  resolution: "formidable@npm:3.5.4"
  dependencies:
    "@paralleldrive/cuid2": "npm:^2.2.2"
    dezalgo: "npm:^1.0.4"
    once: "npm:^1.4.0"
  checksum: 10c0/3a311ce57617eb8f532368e91c0f2bbfb299a0f1a35090e085bd6ca772298f196fbb0b66f0d4b5549d7bf3c5e1844439338d4402b7b6d1fedbe206ad44a931f8
  languageName: node
  linkType: hard

"iceberg-js@npm:^0.8.1":
  version: 0.8.1
  resolution: "iceberg-js@npm:0.8.1"
  checksum: 10c0/e504da64cc26e8ad7c5344353a7203c671a740c14eb6086f20505f5e9739cab774493e616032530c962df97f2a855115cc2e89a47dd81581df5917b21a69ec48
  languageName: node
  linkType: hard

"idb-keyval@npm:^6.2.0":
  version: 6.3.0
  resolution: "idb-keyval@npm:6.3.0"
  checksum: 10c0/d03db95199acb445c5d0ec4dfc93bbc92edc41112e2bedc901a4dc3d5c21b10d1ce7a9b766da9ca61f7ea4d09ed55591f2a997307c91b6e4a5318c0e071b849e
  languageName: node
  linkType: hard

"is-url@npm:^1.2.4":
  version: 1.2.4
  resolution: "is-url@npm:1.2.4"
  checksum: 10c0/0157a79874f8f95fdd63540e3f38c8583c2ef572661cd0693cda80ae3e42dfe8e9a4a972ec1b827f861d9a9acf75b37f7d58a37f94a8a053259642912c252bc3
  languageName: node
  linkType: hard

"nanoid@npm:^3.3.6":
  version: 3.3.16
  resolution: "nanoid@npm:3.3.16"
  bin:
    nanoid: bin/nanoid.cjs
  checksum: 10c0/bbf2dcffe22d2b62d16de2711752070b539c0f644c7916f823ad6521986b2078cbe524f2d6240f58c46e9141ea0c7b87a029e100c0f7f175228cacaf30e41bba
  languageName: node
  linkType: hard

"next@npm:^16.2.12":
  version: 16.2.12
  resolution: "next@npm:16.2.12"
  dependencies:
    "@next/env": "npm:16.2.12"
    "@next/swc-darwin-arm64": "npm:16.2.12"
    "@next/swc-darwin-x64": "npm:16.2.12"
    "@next/swc-linux-arm64-gnu": "npm:16.2.12"
    "@next/swc-linux-arm64-musl": "npm:16.2.12"
    "@next/swc-linux-x64-gnu": "npm:16.2.12"
    "@next/swc-linux-x64-musl": "npm:16.2.12"
    "@next/swc-win32-arm64-msvc": "npm:16.2.12"
    "@next/swc-win32-x64-msvc": "npm:16.2.12"
    "@swc/helpers": "npm:0.5.15"
    baseline-browser-mapping: "npm:^2.9.19"
    caniuse-lite: "npm:^1.0.30001579"
    postcss: "npm:8.4.31"
    sharp: "npm:^0.34.5"
    styled-jsx: "npm:5.1.6"
  peerDependencies:
    "@opentelemetry/api": ^1.1.0
    "@playwright/test": ^1.51.1
    babel-plugin-react-compiler: "*"
    react: ^18.2.0 || 19.0.0-rc-de68d2f4-20241204 || ^19.0.0
    react-dom: ^18.2.0 || 19.0.0-rc-de68d2f4-20241204 || ^19.0.0
    sass: ^1.3.0
  dependenciesMeta:
    "@next/swc-darwin-arm64":
      optional: true
    "@next/swc-darwin-x64":
      optional: true
    "@next/swc-linux-arm64-gnu":
      optional: true
    "@next/swc-linux-arm64-musl":
      optional: true
    "@next/swc-linux-x64-gnu":
      optional: true
    "@next/swc-linux-x64-musl":
      optional: true
    "@next/swc-win32-arm64-msvc":
      optional: true
    "@next/swc-win32-x64-msvc":
      optional: true
    sharp:
      optional: true
  peerDependenciesMeta:
    "@opentelemetry/api":
      optional: true
    "@playwright/test":
      optional: true
    babel-plugin-react-compiler:
      optional: true
    sass:
      optional: true
  bin:
    next: dist/bin/next
  checksum: 10c0/e7d539d3d030fd31b6e47f14639508db3901480b7d5477709c8f980d3153c91098d4a5b10a44bfe0d6914495cb92ca628357bb72743faa473158629bdfe8b924
  languageName: node
  linkType: hard

"node-fetch@npm:^2.6.9":
  version: 2.7.0
  resolution: "node-fetch@npm:2.7.0"
  dependencies:
    whatwg-url: "npm:^5.0.0"
  peerDependencies:
    encoding: ^0.1.0
  peerDependenciesMeta:
    encoding:
      optional: true
  checksum: 10c0/b55786b6028208e6fbe594ccccc213cab67a72899c9234eb59dba51062a299ea853210fcf526998eaa2867b0963ad72338824450905679ff0fa304b8c5093ae8
  languageName: node
  linkType: hard

"once@npm:^1.4.0":
  version: 1.4.0
  resolution: "once@npm:1.4.0"
  dependencies:
    wrappy: "npm:1"
  checksum: 10c0/5d48aca287dfefabd756621c5dfce5c91a549a93e9fdb7b8246bc4c4790aa2ec17b34a260530474635147aeb631a2dcc8b32c613df0675f96041cbb8244517d0
  languageName: node
  linkType: hard

"opencollective-postinstall@npm:^2.0.3":
  version: 2.0.3
  resolution: "opencollective-postinstall@npm:2.0.3"
  bin:
    opencollective-postinstall: index.js
  checksum: 10c0/8a0104a218bc1afaae943f0af378461eeb2836f9848bad872bbd067ec5d1d9791636f307454ab77d0746f10341366f295384656a340ebdb87a2585058e8567e5
  languageName: node
  linkType: hard

"opencv.js@npm:^1.2.1":
  version: 1.2.1
  resolution: "opencv.js@npm:1.2.1"
  checksum: 10c0/69e7c05ad62e7b4ad90de3bbcef15cf861a01ff06a314ffe745368a0b8df0a191c5015b85d28a53a4f4513ca66a5a9356b48439b13f9d32c39c4f1770c202f6f
  languageName: node
  linkType: hard

"picocolors@npm:^1.0.0":
  version: 1.1.1
  resolution: "picocolors@npm:1.1.1"
  checksum: 10c0/e2e3e8170ab9d7c7421969adaa7e1b31434f789afb9b3f115f6b96d91945041ac3ceb02e9ec6fe6510ff036bcc0bf91e69a1772edc0b707e12b19c0f2d6bcf58
  languageName: node
  linkType: hard

"pixelmatch@npm:^7.2.0":
  version: 7.2.0
  resolution: "pixelmatch@npm:7.2.0"
  dependencies:
    pngjs: "npm:^7.0.0"
  bin:
    pixelmatch: bin/pixelmatch
  checksum: 10c0/d8a2454ecf3a977738d6050ed087effa0a9f1b53a0da92d37381a74bb04db5c21e14cfcd41965fbdac4a5967aa5ff2525e2afe9826a77eae043b8339dafc53b6
  languageName: node
  linkType: hard

"pngjs@npm:^7.0.0":
  version: 7.0.0
  resolution: "pngjs@npm:7.0.0"
  checksum: 10c0/0d4c7a0fd476a9c33df7d0a2a73e1d56537628a668841f6995c2bca070cf30819f9254a64363266bc14ef2fee47659dd3b4f2b18eec7ab65143015139f497b38
  languageName: node
  linkType: hard

"postcss@npm:8.4.31":
  version: 8.4.31
  resolution: "postcss@npm:8.4.31"
  dependencies:
    nanoid: "npm:^3.3.6"
    picocolors: "npm:^1.0.0"
    source-map-js: "npm:^1.0.2"
  checksum: 10c0/748b82e6e5fc34034dcf2ae88ea3d11fd09f69b6c50ecdd3b4a875cfc7cdca435c958b211e2cb52355422ab6fccb7d8f2f2923161d7a1b281029e4a913d59acf
  languageName: node
  linkType: hard

"react-dom@npm:^19.2.8":
  version: 19.2.8
  resolution: "react-dom@npm:19.2.8"
  dependencies:
    scheduler: "npm:^0.27.0"
  peerDependencies:
    react: ^19.2.8
  checksum: 10c0/41ba2247b76f687fcfe5bbc99f514d6b851d8c8041c2f5ded36ed05bd7fdc5208cacbac9de51e3e6633e77f96f44cec9f0d4a5a55184dba4e00738f224439134
  languageName: node
  linkType: hard

"react@npm:^19.2.8":
  version: 19.2.8
  resolution: "react@npm:19.2.8"
  checksum: 10c0/5f86bdb56426652fd6d989d30a6f2e603c057272c47c9ca3a3fbe190a3a39ee9ccce937d63cfc039717abed1b8891d6a499134bc35311acc07eafdacd86537cd
  languageName: node
  linkType: hard

"regenerator-runtime@npm:^0.13.3":
  version: 0.13.11
  resolution: "regenerator-runtime@npm:0.13.11"
  checksum: 10c0/12b069dc774001fbb0014f6a28f11c09ebfe3c0d984d88c9bced77fdb6fedbacbca434d24da9ae9371bfbf23f754869307fb51a4c98a8b8b18e5ef748677ca24
  languageName: node
  linkType: hard

"scheduler@npm:^0.27.0":
  version: 0.27.0
  resolution: "scheduler@npm:0.27.0"
  checksum: 10c0/4f03048cb05a3c8fddc45813052251eca00688f413a3cee236d984a161da28db28ba71bd11e7a3dd02f7af84ab28d39fb311431d3b3772fed557945beb00c452
  languageName: node
  linkType: hard

"semver@npm:^7.7.3":
  version: 7.8.5
  resolution: "semver@npm:7.8.5"
  bin:
    semver: bin/semver.js
  checksum: 10c0/b1f3127a5be8125a94f37188b361c212466c292c6910adce3ec106cff5dc211ccaedc4739c11bb70fda59d6fc1f040a9bca289f4e093451521a2372e5231fe0c
  languageName: node
  linkType: hard

"sharp@npm:^0.34.5":
  version: 0.34.5
  resolution: "sharp@npm:0.34.5"
  dependencies:
    "@img/colour": "npm:^1.0.0"
    "@img/sharp-darwin-arm64": "npm:0.34.5"
    "@img/sharp-darwin-x64": "npm:0.34.5"
    "@img/sharp-libvips-darwin-arm64": "npm:1.2.4"
    "@img/sharp-libvips-darwin-x64": "npm:1.2.4"
    "@img/sharp-libvips-linux-arm": "npm:1.2.4"
    "@img/sharp-libvips-linux-arm64": "npm:1.2.4"
    "@img/sharp-libvips-linux-ppc64": "npm:1.2.4"
    "@img/sharp-libvips-linux-riscv64": "npm:1.2.4"
    "@img/sharp-libvips-linux-s390x": "npm:1.2.4"
    "@img/sharp-libvips-linux-x64": "npm:1.2.4"
    "@img/sharp-libvips-linuxmusl-arm64": "npm:1.2.4"
    "@img/sharp-libvips-linuxmusl-x64": "npm:1.2.4"
    "@img/sharp-linux-arm": "npm:0.34.5"
    "@img/sharp-linux-arm64": "npm:0.34.5"
    "@img/sharp-linux-ppc64": "npm:0.34.5"
    "@img/sharp-linux-riscv64": "npm:0.34.5"
    "@img/sharp-linux-s390x": "npm:0.34.5"
    "@img/sharp-linux-x64": "npm:0.34.5"
    "@img/sharp-linuxmusl-arm64": "npm:0.34.5"
    "@img/sharp-linuxmusl-x64": "npm:0.34.5"
    "@img/sharp-wasm32": "npm:0.34.5"
    "@img/sharp-win32-arm64": "npm:0.34.5"
    "@img/sharp-win32-ia32": "npm:0.34.5"
    "@img/sharp-win32-x64": "npm:0.34.5"
    detect-libc: "npm:^2.1.2"
    semver: "npm:^7.7.3"
  dependenciesMeta:
    "@img/sharp-darwin-arm64":
      optional: true
    "@img/sharp-darwin-x64":
      optional: true
    "@img/sharp-libvips-darwin-arm64":
      optional: true
    "@img/sharp-libvips-darwin-x64":
      optional: true
    "@img/sharp-libvips-linux-arm":
      optional: true
    "@img/sharp-libvips-linux-arm64":
      optional: true
    "@img/sharp-libvips-linux-ppc64":
      optional: true
    "@img/sharp-libvips-linux-riscv64":
      optional: true
    "@img/sharp-libvips-linux-s390x":
      optional: true
    "@img/sharp-libvips-linux-x64":
      optional: true
    "@img/sharp-libvips-linuxmusl-arm64":
      optional: true
    "@img/sharp-libvips-linuxmusl-x64":
      optional: true
    "@img/sharp-linux-arm":
      optional: true
    "@img/sharp-linux-arm64":
      optional: true
    "@img/sharp-linux-ppc64":
      optional: true
    "@img/sharp-linux-riscv64":
      optional: true
    "@img/sharp-linux-s390x":
      optional: true
    "@img/sharp-linux-x64":
      optional: true
    "@img/sharp-linuxmusl-arm64":
      optional: true
    "@img/sharp-linuxmusl-x64":
      optional: true
    "@img/sharp-wasm32":
      optional: true
    "@img/sharp-win32-arm64":
      optional: true
    "@img/sharp-win32-ia32":
      optional: true
    "@img/sharp-win32-x64":
      optional: true
  checksum: 10c0/fd79e29df0597a7d5704b8461c51f944ead91a5243691697be6e8243b966402beda53ddc6f0a53b96ea3cb8221f0b244aa588114d3ebf8734fb4aefd41ab802f
  languageName: node
  linkType: hard

"source-map-js@npm:^1.0.2":
  version: 1.2.1
  resolution: "source-map-js@npm:1.2.1"
  checksum: 10c0/7bda1fc4c197e3c6ff17de1b8b2c20e60af81b63a52cb32ec5a5d67a20a7d42651e2cb34ebe93833c5a2a084377e17455854fee3e21e7925c64a51b6a52b0faf
  languageName: node
  linkType: hard

"string-similarity@npm:^4.0.4":
  version: 4.0.4
  resolution: "string-similarity@npm:4.0.4"
  checksum: 10c0/fce331b818efafa701f692ddc2e170bd3ceaf6e7ca56a445b36b139981effe0884d8edc794a65005e54304da55ba054edfcff16a339bd301c9b94983fbc62047
  languageName: node
  linkType: hard

"styled-jsx@npm:5.1.6":
  version: 5.1.6
  resolution: "styled-jsx@npm:5.1.6"
  dependencies:
    client-only: "npm:0.0.1"
  peerDependencies:
    react: ">= 16.8.0 || 17.x.x || ^18.0.0-0 || ^19.0.0-0"
  peerDependenciesMeta:
    "@babel/core":
      optional: true
    babel-plugin-macros:
      optional: true
  checksum: 10c0/ace50e7ea5ae5ae6a3b65a50994c51fca6ae7df9c7ecfd0104c36be0b4b3a9c5c1a2374d16e2a11e256d0b20be6d47256d768ecb4f91ab390f60752a075780f5
  languageName: node
  linkType: hard

"tesseract.js-core@npm:^7.0.0":
  version: 7.0.0
  resolution: "tesseract.js-core@npm:7.0.0"
  checksum: 10c0/c1afee9f8aecf994bc4714fd879e57d04b995849345532872bdc3d8c82a59c4ebbb0acde14d2b24e6a3aec27cafee3d18931f2744496d603ae36241290108e17
  languageName: node
  linkType: hard

"tesseract.js@npm:^7.0.0":
  version: 7.0.0
  resolution: "tesseract.js@npm:7.0.0"
  dependencies:
    bmp-js: "npm:^0.1.0"
    idb-keyval: "npm:^6.2.0"
    is-url: "npm:^1.2.4"
    node-fetch: "npm:^2.6.9"
    opencollective-postinstall: "npm:^2.0.3"
    regenerator-runtime: "npm:^0.13.3"
    tesseract.js-core: "npm:^7.0.0"
    wasm-feature-detect: "npm:^1.8.0"
    zlibjs: "npm:^0.3.1"
  checksum: 10c0/daf5b153a9a06e0ab3365b33f4cc323e375d3a8b86a7df98031c19047623451aa3bfb293c295b0ebecd5c0781e42e43469d93ed4e7ba8a868b7a457120e609a1
  languageName: node
  linkType: hard

"tr46@npm:~0.0.3":
  version: 0.0.3
  resolution: "tr46@npm:0.0.3"
  checksum: 10c0/047cb209a6b60c742f05c9d3ace8fa510bff609995c129a37ace03476a9b12db4dbf975e74600830ef0796e18882b2381fb5fb1f6b4f96b832c374de3ab91a11
  languageName: node
  linkType: hard

"ts-custom-error@npm:^3.3.1":
  version: 3.3.1
  resolution: "ts-custom-error@npm:3.3.1"
  checksum: 10c0/67cc807d03406d7eeb2b908408d455d253cc43b480d669e2e3ea028b9aaa2c78ad1b392425b86368bbbc3c43a15e4abe304312d87ed845091646ec1937bab982
  languageName: node
  linkType: hard

"tslib@npm:2.8.1, tslib@npm:^2.4.0, tslib@npm:^2.8.0":
  version: 2.8.1
  resolution: "tslib@npm:2.8.1"
  checksum: 10c0/9c4759110a19c53f992d9aae23aac5ced636e99887b51b9e61def52611732872ff7668757d4e4c61f19691e36f4da981cd9485e869b4a7408d689f6bf1f14e62
  languageName: node
  linkType: hard

"unet-connect@workspace:.":
  version: 0.0.0-use.local
  resolution: "unet-connect@workspace:."
  dependencies:
    "@supabase/ssr": "npm:^0.12.4"
    "@supabase/supabase-js": "npm:^2.112.0"
    "@zxing/library": "npm:^0.23.0"
    formidable: "npm:^3.5.4"
    next: "npm:^16.2.12"
    opencv.js: "npm:^1.2.1"
    pixelmatch: "npm:^7.2.0"
    pngjs: "npm:^7.0.0"
    react: "npm:^19.2.8"
    react-dom: "npm:^19.2.8"
    string-similarity: "npm:^4.0.4"
    tesseract.js: "npm:^7.0.0"
  languageName: unknown
  linkType: soft

"wasm-feature-detect@npm:^1.8.0":
  version: 1.8.0
  resolution: "wasm-feature-detect@npm:1.8.0"
  checksum: 10c0/2cb43e91bbf7aa7c121bc76b3133de3ab6dc4f482acc1d2dc46c528e8adb7a51c72df5c2aacf1d219f113c04efd1706f18274d5790542aa5dd49e0644e3ee665
  languageName: node
  linkType: hard

"webidl-conversions@npm:^3.0.0":
  version: 3.0.1
  resolution: "webidl-conversions@npm:3.0.1"
  checksum: 10c0/5612d5f3e54760a797052eb4927f0ddc01383550f542ccd33d5238cfd65aeed392a45ad38364970d0a0f4fea32e1f4d231b3d8dac4a3bdd385e5cf802ae097db
  languageName: node
  linkType: hard

"whatwg-url@npm:^5.0.0":
  version: 5.0.0
  resolution: "whatwg-url@npm:5.0.0"
  dependencies:
    tr46: "npm:~0.0.3"
    webidl-conversions: "npm:^3.0.0"
  checksum: 10c0/1588bed84d10b72d5eec1d0faa0722ba1962f1821e7539c535558fb5398d223b0c50d8acab950b8c488b4ba69043fd833cc2697056b167d8ad46fac3995a55d5
  languageName: node
  linkType: hard

"wrappy@npm:1":
  version: 1.0.2
  resolution: "wrappy@npm:1.0.2"
  checksum: 10c0/56fece1a4018c6a6c8e28fbc88c87e0fbf4ea8fd64fc6c63b18f4acc4bd13e0ad2515189786dd2c30d3eec9663d70f4ecf699330002f8ccb547e4a18231fc9f0
  languageName: node
  linkType: hard

"zlibjs@npm:^0.3.1":
  version: 0.3.1
  resolution: "zlibjs@npm:0.3.1"
  checksum: 10c0/2d110bfcb0f8b8dbf225423f6556da9c5bca95c8b849c1218983676158a24b5cd0350357e0c4d504e27f8c7e18d471d9712576f35114a81a51bcf83453f02beb
  languageName: node
  linkType: hard
